<?xml version="1.0" encoding="utf-8"?>
<Project ToolsVersion="15.0" xmlns="http://schemas.microsoft.com/developer/msbuild/2003">
  <ItemGroup>
    <CustomBuild Include="C:\Users\modif_000\Documents\Visual Studio 2017\Projects\ImageConversion\ImageConversion\tmp\CMakeFiles\61649e0acff426e30d5a2066d9bc3d3e\generate.stamp.rule">
      <Filter>CMake Rules</Filter>
    </CustomBuild>
  </ItemGroup>
  <ItemGroup>
    <Filter Include="CMake Rules">
      <UniqueIdentifier>{C10418A3-EEA2-3811-B470-96DE4DA1A6FD}</UniqueIdentifier>
    </Filter>
  </ItemGroup>
</Project>
